# This file is automatically @generated by Cargo.
# It is not intended for manual editing.
version = 3

[[package]]
name = "day1"
version = "0.1.0"
dependencies = [
 "quit",
]

[[package]]
name = "quit"
version = "2.0.0"
source = "registry+https://github.com/rust-lang/crates.io-index"
checksum = "c090c608233d81bd6b90e718cf34506c60a10e633dff2292c3d1029e798d669b"
dependencies = [
 "quit_macros",
]

[[package]]
name = "quit_macros"
version = "2.0.0"
source = "registry+https://github.com/rust-lang/crates.io-index"
checksum = "1d4b27a0dd5d08ad7af2d17952fb360ec9c30eeade0b32df7a3c9b099ff37564"
